
Microsoft Visual Studio Solution File, Format Version 12.00
# Visual Studio Version 17
VisualStudioVersion = 17.5.33516.290
MinimumVisualStudioVersion = 10.0.40219.1
Project("{FAE04EC0-301F-11D3-BF4B-00C04F79EFBC}") = "App01", "App01\App01.csproj", "{55B4F53E-7DBD-46F7-8697-9209BD3C9A2B}"
EndProject
Global
	GlobalSection(SolutionConfigurationPlatforms) = preSolution
		Debug|Any CPU = Debug|Any CPU
		Release|Any CPU = Release|Any CPU
	EndGlobalSection
	GlobalSection(ProjectConfigurationPlatforms) = postSolution
		{55B4F53E-7DBD-46F7-8697-9209BD3C9A2B}.Debug|Any CPU.ActiveCfg = Debug|Any CPU
		{55B4F53E-7DBD-46F7-8697-9209BD3C9A2B}.Debug|Any CPU.Build.0 = Debug|Any CPU
		{55B4F53E-7DBD-46F7-8697-9209BD3C9A2B}.Release|Any CPU.ActiveCfg = Release|Any CPU
		{55B4F53E-7DBD-46F7-8697-9209BD3C9A2B}.Release|Any CPU.Build.0 = Release|Any CPU
	EndGlobalSection
	GlobalSection(SolutionProperties) = preSolution
		HideSolutionNode = FALSE
	EndGlobalSection
	GlobalSection(ExtensibilityGlobals) = postSolution
		SolutionGuid = {CD4B2742-B38B-43B5-9A45-C1CF0F9B35BF}
	EndGlobalSection
EndGlobal
